
Microsoft Visual Studio Solution File, Format Version 12.00
# Visual Studio Version 17
VisualStudioVersion = 17.7.34003.232
MinimumVisualStudioVersion = 10.0.40219.1
Project("{9A19103F-16F7-4668-BE54-9A1E7A4F7556}") = "Validador", "Validador.csproj", "{6BC12167-472B-4A8B-BF05-2CA148A11CB4}"
EndProject
Project("{9A19103F-16F7-4668-BE54-9A1E7A4F7556}") = "BlockModel", "..\BlockModel\BlockModel.csproj", "{4341CCE2-90DD-4E57-A79F-9231F7B6F458}"
EndProject
Global
	GlobalSection(SolutionConfigurationPlatforms) = preSolution
		Debug|Any CPU = Debug|Any CPU
		Release|Any CPU = Release|Any CPU
	EndGlobalSection
	GlobalSection(ProjectConfigurationPlatforms) = postSolution
		{6BC12167-472B-4A8B-BF05-2CA148A11CB4}.Debug|Any CPU.ActiveCfg = Debug|Any CPU
		{6BC12167-472B-4A8B-BF05-2CA148A11CB4}.Debug|Any CPU.Build.0 = Debug|Any CPU
		{6BC12167-472B-4A8B-BF05-2CA148A11CB4}.Release|Any CPU.ActiveCfg = Release|Any CPU
		{6BC12167-472B-4A8B-BF05-2CA148A11CB4}.Release|Any CPU.Build.0 = Release|Any CPU
		{4341CCE2-90DD-4E57-A79F-9231F7B6F458}.Debug|Any CPU.ActiveCfg = Debug|Any CPU
		{4341CCE2-90DD-4E57-A79F-9231F7B6F458}.Debug|Any CPU.Build.0 = Debug|Any CPU
		{4341CCE2-90DD-4E57-A79F-9231F7B6F458}.Release|Any CPU.ActiveCfg = Release|Any CPU
		{4341CCE2-90DD-4E57-A79F-9231F7B6F458}.Release|Any CPU.Build.0 = Release|Any CPU
	EndGlobalSection
	GlobalSection(SolutionProperties) = preSolution
		HideSolutionNode = FALSE
	EndGlobalSection
	GlobalSection(ExtensibilityGlobals) = postSolution
		SolutionGuid = {A62428AD-C149-4788-8E0B-D469A65D21E1}
	EndGlobalSection
EndGlobal
